PODS:
  - Alamofire (4.8.2)
  - Alertift (4.1.1)
  - FontAwesome.swift (1.8.1)
  - InputMask (4.3.0)
  - ReSwift (5.0.0)
  - SwiftyJSON (5.0.0)
  - SwiftyPickerPopover (6.6.5)

DEPENDENCIES:
  - Alamofire (~> 4)
  - Alertift
  - FontAwesome.swift
  - InputMask
  - ReSwift
  - SwiftyJSON
  - SwiftyPickerPopover

SPEC REPOS:
  https://github.com/cocoapods/specs.git:
    - Alamofire
    - Alertift
    - FontAwesome.swift
    - InputMask
    - ReSwift
    - SwiftyJSON
    - SwiftyPickerPopover

SPEC CHECKSUMS:
  Alamofire: ae5c501addb7afdbb13687d7f2f722c78734c2d3
  Alertift: 950483ca193717cc8bb508a7dbbe34f4af321daf
  FontAwesome.swift: 6f55c8ed22a30ab6a8ca94033473161f678dcd4b
  InputMask: 3674235e12cc52e769b01b2f35d6bbc94cd059c7
  ReSwift: 628f1a9b3ee52e3b3ca2a644435472fd77afafe1
  SwiftyJSON: 36413e04c44ee145039d332b4f4e2d3e8d6c4db7
  SwiftyPickerPopover: f2975fd0233d04c0a8f8d52d09b6f24b882de6fb

PODFILE CHECKSUM: d2faa45c296c2e013a5b7920029ec45e65c5891f

COCOAPODS: 1.5.3
