PODS:
  - Alamofire (4.8.0)
  - Alertift (4.0)
  - FontAwesome.swift (1.4.6)
  - InputMask (4.0.2)
  - ReSwift (4.0.1)
  - SwiftyJSON (4.2.0)
  - SwiftyPickerPopover (6.6.4)

DEPENDENCIES:
  - Alamofire (~> 4)
  - Alertift
  - FontAwesome.swift
  - InputMask
  - ReSwift
  - SwiftyJSON
  - SwiftyPickerPopover

SPEC REPOS:
  https://github.com/cocoapods/specs.git:
    - Alamofire
    - Alertift
    - FontAwesome.swift
    - InputMask
    - ReSwift
    - SwiftyJSON
    - SwiftyPickerPopover

SPEC CHECKSUMS:
  Alamofire: 3ec537f71edc9804815215393ae2b1a8ea33a844
  Alertift: 393ace2617e96e95b4e85c88e80a85bf2d85c698
  FontAwesome.swift: 18fb500c0decc2bbfadf2ae16a936704ec2c49bd
  InputMask: b9df7a44c044f59485b2d596661e6bd4334bddb4
  ReSwift: f4012c613e13da7398827fe5aebdb938eaed40a3
  SwiftyJSON: c4bcba26dd9ec7a027fc8eade48e2c911f229e96
  SwiftyPickerPopover: 6d08cbae133c80743654f4e977607cd1553947e6

PODFILE CHECKSUM: d2faa45c296c2e013a5b7920029ec45e65c5891f

COCOAPODS: 1.5.3
